{
  "name": "scramjet-proxy-koyeb",
  "version": "1.0.0",
  "lockfileVersion": 3,
  "requires": true,
  "packages": {
    "": {
      "name": "scramjet-proxy-koyeb",
      "version": "1.0.0",
      "dependencies": {
        "scramjet": "^4.36.0"
      },
      "engines": {
        "node": "18.x"
      }
    },
    "node_modules/papaparse": {
      "version": "5.5.3",
      "resolved": "https://registry.npmjs.org/papaparse/-/papaparse-5.5.3.tgz",
      "integrity": "sha512-5QvjGxYVjxO59MGU2lHVYpRWBBtKHnlIAcSe1uNFCkkptUh63NFRj0FJQm7nR67puEruUci/ZkjmEFrjCAyP4A==",
      "license": "MIT"
    },
    "node_modules/rereadable-stream": {
      "version": "1.4.14",
      "resolved": "https://registry.npmjs.org/rereadable-stream/-/rereadable-stream-1.4.14.tgz",
      "integrity": "sha512-vGANaSU3Uvl33Lz88otjkoXkiBx01KjrusdsW2K95JbJveWZdjf11CyutMRZyy7nj7NyCTRynauTbaiM7MCgkg==",
      "license": "MIT",
      "engines": {
        "node": ">=8.6.0"
      }
    },
    "node_modules/scramjet": {
      "version": "4.37.0",
      "resolved": "https://registry.npmjs.org/scramjet/-/scramjet-4.37.0.tgz",
      "integrity": "sha512-Y6b59qGsulkr5MxiVn9CABnL9pE/sPKihCcWSUhzZc6W0YWbfLWRXc1fE1M40QKfOQUBxks81efzJ7WpEuFmlQ==",
      "funding": [
        {
          "type": "github",
          "url": "https://github.com/sponsors/scramjetorg"
        },
        {
          "type": "individual",
          "url": "https://www.paypal.com/cgi-bin/webscr?cmd=_s-xclick&hosted_button_id=7F7V65C43EBMW"
        }
      ],
      "license": "MIT",
      "dependencies": {
        "papaparse": "^5.4.1",
        "rereadable-stream": "^1.4.14",
        "scramjet-core": "^4.32.12"
      },
      "engines": {
        "node": ">=10.0.0"
      }
    },
    "node_modules/scramjet-core": {
      "version": "4.32.12",
      "resolved": "https://registry.npmjs.org/scramjet-core/-/scramjet-core-4.32.12.tgz",
      "integrity": "sha512-FkNaZqzXvzqdwrUWzMztJq2RUBcpBlm08zOYIhA69+//FzgrespLBz7DmCXdXfujjvmUIFGgq/T3aPFy1ctonw==",
      "license": "MIT",
      "engines": {
        "node": ">=10.0.0"
      }
    }
  }
}
